
Microsoft Visual Studio Solution File, Format Version 12.00
# Visual Studio Version 17
VisualStudioVersion = 17.5.33414.496
MinimumVisualStudioVersion = 10.0.40219.1
Project("{FAE04EC0-301F-11D3-BF4B-00C04F79EFBC}") = "eTickets", "eTickets\eTickets.csproj", "{04CE7EC7-A238-4346-B5B0-4250649E54B9}"
EndProject
Global
	GlobalSection(SolutionConfigurationPlatforms) = preSolution
		Debug|Any CPU = Debug|Any CPU
		Release|Any CPU = Release|Any CPU
	EndGlobalSection
	GlobalSection(ProjectConfigurationPlatforms) = postSolution
		{04CE7EC7-A238-4346-B5B0-4250649E54B9}.Debug|Any CPU.ActiveCfg = Debug|Any CPU
		{04CE7EC7-A238-4346-B5B0-4250649E54B9}.Debug|Any CPU.Build.0 = Debug|Any CPU
		{04CE7EC7-A238-4346-B5B0-4250649E54B9}.Release|Any CPU.ActiveCfg = Release|Any CPU
		{04CE7EC7-A238-4346-B5B0-4250649E54B9}.Release|Any CPU.Build.0 = Release|Any CPU
	EndGlobalSection
	GlobalSection(SolutionProperties) = preSolution
		HideSolutionNode = FALSE
	EndGlobalSection
	GlobalSection(ExtensibilityGlobals) = postSolution
		SolutionGuid = {0EFB513E-7E54-4385-B5A4-003D986A9B6E}
	EndGlobalSection
EndGlobal
